
Microsoft Visual Studio Solution File, Format Version 12.00
# Visual Studio 14
VisualStudioVersion = 14.0.24720.0
MinimumVisualStudioVersion = 10.0.40219.1
Project("{FAE04EC0-301F-11D3-BF4B-00C04F79EFBC}") = "Chevo.RPG.App", "Chevo.RPG.App\Chevo.RPG.App.csproj", "{8421C668-8844-4108-B360-BA18FF19298B}"
EndProject
Project("{FAE04EC0-301F-11D3-BF4B-00C04F79EFBC}") = "Chevo.RPG.Core", "Chevo.RPG.Core\Chevo.RPG.Core.csproj", "{4A8DDE37-78F7-4B52-89BE-8EB58785B6E3}"
EndProject
Project("{FAE04EC0-301F-11D3-BF4B-00C04F79EFBC}") = "Chevo.RPG.Common", "Chevo.RPG.Common\Chevo.RPG.Common.csproj", "{06695F0A-53D1-4C1E-B38E-176C2669E2E7}"
EndProject
Project("{FAE04EC0-301F-11D3-BF4B-00C04F79EFBC}") = "Chevo.RPG.ViewModel", "Chevo.RPG.ViewModel\Chevo.RPG.ViewModel.csproj", "{10178152-03CD-4240-A301-3DBE2E854DA6}"
EndProject
Project("{FAE04EC0-301F-11D3-BF4B-00C04F79EFBC}") = "ArtiomOvechko.RPG.WebAPI", "ArtiomOvechko.RPG.WebAPI\ArtiomOvechko.RPG.WebAPI.csproj", "{2EDF3FF0-D97C-4B9A-B6A9-378A45E35CCD}"
EndProject
Project("{FAE04EC0-301F-11D3-BF4B-00C04F79EFBC}") = "ArtiomOvechko.RPG.Test", "ArtiomOvechko.RPG.Test\ArtiomOvechko.RPG.Test.csproj", "{563360E9-D1B2-4A3F-865D-F85C331F0512}"
EndProject
Project("{FAE04EC0-301F-11D3-BF4B-00C04F79EFBC}") = "ArtiomOvechko.RPG.Common", "ArtiomOvechko.RPG.Common\ArtiomOvechko.RPG.Common.csproj", "{F2B026F9-EFC9-48D3-8080-6C8060170423}"
EndProject
Project("{FAE04EC0-301F-11D3-BF4B-00C04F79EFBC}") = "ArtiomOvechko.RPG.Core", "ArtiomOvechko.RPG.Core\ArtiomOvechko.RPG.Core.csproj", "{511D3B25-CE04-46EC-9180-125865D6DBCF}"
EndProject
Project("{2150E333-8FDC-42A3-9474-1A3956D46DE8}") = "WPF", "WPF", "{9B836B70-7F8B-47B4-AE38-EBDE5CE27038}"
EndProject
Project("{FAE04EC0-301F-11D3-BF4B-00C04F79EFBC}") = "ArtiomOvechko.RPG.ViewModel", "ArtiomOvechko.RPG.ViewModel\ArtiomOvechko.RPG.ViewModel.csproj", "{5F030C47-2422-456B-BBDF-1CDBA0BF1A6B}"
EndProject
Project("{2150E333-8FDC-42A3-9474-1A3956D46DE8}") = "Test", "Test", "{0FEB8D69-560B-4A94-8DF2-B60694A0A8FB}"
EndProject
Project("{FAE04EC0-301F-11D3-BF4B-00C04F79EFBC}") = "ArtiomOvechko.RPG.App", "ArtiomOvechko.RPG.App\ArtiomOvechko.RPG.App.csproj", "{53B46E49-F848-4C2D-BD81-E46A07C03CA7}"
EndProject
Project("{2150E333-8FDC-42A3-9474-1A3956D46DE8}") = "UWP", "UWP", "{EDCA6C61-3D17-4CE5-A650-06534A76B9D0}"
EndProject
Project("{2150E333-8FDC-42A3-9474-1A3956D46DE8}") = "Multiplayer", "Multiplayer", "{2DD66358-8A70-47E9-A194-E983C7D55B2B}"
EndProject
Project("{FAE04EC0-301F-11D3-BF4B-00C04F79EFBC}") = "ArtiomOvechko.RPG.Editor", "ArtiomOvechko.RPG.Editor\ArtiomOvechko.RPG.Editor.csproj", "{1FBEA475-ED3E-4DD9-AAC9-3D89E33BFC3F}"
EndProject
Project("{2150E333-8FDC-42A3-9474-1A3956D46DE8}") = "WebApp", "WebApp", "{48511846-185C-42AC-9D6A-AECA71A52991}"
EndProject
Project("{FAE04EC0-301F-11D3-BF4B-00C04F79EFBC}") = "ArtiomOvechko.RPG.WebApp.Core", "ArtiomOvechko.RPG.WebApp.Core\ArtiomOvechko.RPG.WebApp.Core.csproj", "{9721EF0D-CEAD-43C7-B1E6-A28BBAE8C5C8}"
EndProject
Project("{FAE04EC0-301F-11D3-BF4B-00C04F79EFBC}") = "ArtiomOvechko.RPG.WebApp.Common", "ArtiomOvechko.RPG.WebApp.Common\ArtiomOvechko.RPG.WebApp.Common.csproj", "{F2436D79-D117-4007-91BE-7321AF9DB939}"
EndProject
Project("{FAE04EC0-301F-11D3-BF4B-00C04F79EFBC}") = "ArtiomOvechko.RPG.WebApp.ViewModel", "ArtiomOvechko.RPG.WebApp.ViewModel\ArtiomOvechko.RPG.WebApp.ViewModel.csproj", "{679F6E15-6DB0-4BAB-A697-341B3FA1EE54}"
EndProject
Project("{FAE04EC0-301F-11D3-BF4B-00C04F79EFBC}") = "ArtiomOvechko.RPG.WebApp.Console", "ArtiomOvechko.RPG.WebApp.Console\ArtiomOvechko.RPG.WebApp.Console.csproj", "{690BFCA7-7DB1-44B7-8D36-F8A6F7DAEE8D}"
EndProject
Project("{FAE04EC0-301F-11D3-BF4B-00C04F79EFBC}") = "ArtiomOvechko.RPG.WebApp.BlazorServer", "ArtiomOvechko.RPG.WebApp.BlazorServer\ArtiomOvechko.RPG.WebApp.BlazorServer.csproj", "{D2443F15-F0C6-40EF-8F8B-60CEF7A9B5AC}"
EndProject
Global
	GlobalSection(SolutionConfigurationPlatforms) = preSolution
		Debug|Any CPU = Debug|Any CPU
		Debug|ARM = Debug|ARM
		Debug|x64 = Debug|x64
		Debug|x86 = Debug|x86
		Release|Any CPU = Release|Any CPU
		Release|ARM = Release|ARM
		Release|x64 = Release|x64
		Release|x86 = Release|x86
	EndGlobalSection
	GlobalSection(ProjectConfigurationPlatforms) = postSolution
		{8421C668-8844-4108-B360-BA18FF19298B}.Debug|Any CPU.ActiveCfg = Debug|Any CPU
		{8421C668-8844-4108-B360-BA18FF19298B}.Debug|Any CPU.Build.0 = Debug|Any CPU
		{8421C668-8844-4108-B360-BA18FF19298B}.Debug|ARM.ActiveCfg = Debug|Any CPU
		{8421C668-8844-4108-B360-BA18FF19298B}.Debug|ARM.Build.0 = Debug|Any CPU
		{8421C668-8844-4108-B360-BA18FF19298B}.Debug|x64.ActiveCfg = Debug|Any CPU
		{8421C668-8844-4108-B360-BA18FF19298B}.Debug|x64.Build.0 = Debug|Any CPU
		{8421C668-8844-4108-B360-BA18FF19298B}.Debug|x86.ActiveCfg = Debug|Any CPU
		{8421C668-8844-4108-B360-BA18FF19298B}.Debug|x86.Build.0 = Debug|Any CPU
		{8421C668-8844-4108-B360-BA18FF19298B}.Release|Any CPU.ActiveCfg = Release|Any CPU
		{8421C668-8844-4108-B360-BA18FF19298B}.Release|Any CPU.Build.0 = Release|Any CPU
		{8421C668-8844-4108-B360-BA18FF19298B}.Release|ARM.ActiveCfg = Release|Any CPU
		{8421C668-8844-4108-B360-BA18FF19298B}.Release|ARM.Build.0 = Release|Any CPU
		{8421C668-8844-4108-B360-BA18FF19298B}.Release|x64.ActiveCfg = Release|Any CPU
		{8421C668-8844-4108-B360-BA18FF19298B}.Release|x64.Build.0 = Release|Any CPU
		{8421C668-8844-4108-B360-BA18FF19298B}.Release|x86.ActiveCfg = Release|Any CPU
		{8421C668-8844-4108-B360-BA18FF19298B}.Release|x86.Build.0 = Release|Any CPU
		{4A8DDE37-78F7-4B52-89BE-8EB58785B6E3}.Debug|Any CPU.ActiveCfg = Debug|Any CPU
		{4A8DDE37-78F7-4B52-89BE-8EB58785B6E3}.Debug|Any CPU.Build.0 = Debug|Any CPU
		{4A8DDE37-78F7-4B52-89BE-8EB58785B6E3}.Debug|ARM.ActiveCfg = Debug|Any CPU
		{4A8DDE37-78F7-4B52-89BE-8EB58785B6E3}.Debug|ARM.Build.0 = Debug|Any CPU
		{4A8DDE37-78F7-4B52-89BE-8EB58785B6E3}.Debug|x64.ActiveCfg = Debug|Any CPU
		{4A8DDE37-78F7-4B52-89BE-8EB58785B6E3}.Debug|x64.Build.0 = Debug|Any CPU
		{4A8DDE37-78F7-4B52-89BE-8EB58785B6E3}.Debug|x86.ActiveCfg = Debug|Any CPU
		{4A8DDE37-78F7-4B52-89BE-8EB58785B6E3}.Debug|x86.Build.0 = Debug|Any CPU
		{4A8DDE37-78F7-4B52-89BE-8EB58785B6E3}.Release|Any CPU.ActiveCfg = Release|Any CPU
		{4A8DDE37-78F7-4B52-89BE-8EB58785B6E3}.Release|Any CPU.Build.0 = Release|Any CPU
		{4A8DDE37-78F7-4B52-89BE-8EB58785B6E3}.Release|ARM.ActiveCfg = Release|Any CPU
		{4A8DDE37-78F7-4B52-89BE-8EB58785B6E3}.Release|ARM.Build.0 = Release|Any CPU
		{4A8DDE37-78F7-4B52-89BE-8EB58785B6E3}.Release|x64.ActiveCfg = Release|Any CPU
		{4A8DDE37-78F7-4B52-89BE-8EB58785B6E3}.Release|x64.Build.0 = Release|Any CPU
		{4A8DDE37-78F7-4B52-89BE-8EB58785B6E3}.Release|x86.ActiveCfg = Release|Any CPU
		{4A8DDE37-78F7-4B52-89BE-8EB58785B6E3}.Release|x86.Build.0 = Release|Any CPU
		{06695F0A-53D1-4C1E-B38E-176C2669E2E7}.Debug|Any CPU.ActiveCfg = Debug|Any CPU
		{06695F0A-53D1-4C1E-B38E-176C2669E2E7}.Debug|Any CPU.Build.0 = Debug|Any CPU
		{06695F0A-53D1-4C1E-B38E-176C2669E2E7}.Debug|ARM.ActiveCfg = Debug|Any CPU
		{06695F0A-53D1-4C1E-B38E-176C2669E2E7}.Debug|ARM.Build.0 = Debug|Any CPU
		{06695F0A-53D1-4C1E-B38E-176C2669E2E7}.Debug|x64.ActiveCfg = Debug|Any CPU
		{06695F0A-53D1-4C1E-B38E-176C2669E2E7}.Debug|x64.Build.0 = Debug|Any CPU
		{06695F0A-53D1-4C1E-B38E-176C2669E2E7}.Debug|x86.ActiveCfg = Debug|Any CPU
		{06695F0A-53D1-4C1E-B38E-176C2669E2E7}.Debug|x86.Build.0 = Debug|Any CPU
		{06695F0A-53D1-4C1E-B38E-176C2669E2E7}.Release|Any CPU.ActiveCfg = Release|Any CPU
		{06695F0A-53D1-4C1E-B38E-176C2669E2E7}.Release|Any CPU.Build.0 = Release|Any CPU
		{06695F0A-53D1-4C1E-B38E-176C2669E2E7}.Release|ARM.ActiveCfg = Release|Any CPU
		{06695F0A-53D1-4C1E-B38E-176C2669E2E7}.Release|ARM.Build.0 = Release|Any CPU
		{06695F0A-53D1-4C1E-B38E-176C2669E2E7}.Release|x64.ActiveCfg = Release|Any CPU
		{06695F0A-53D1-4C1E-B38E-176C2669E2E7}.Release|x64.Build.0 = Release|Any CPU
		{06695F0A-53D1-4C1E-B38E-176C2669E2E7}.Release|x86.ActiveCfg = Release|Any CPU
		{06695F0A-53D1-4C1E-B38E-176C2669E2E7}.Release|x86.Build.0 = Release|Any CPU
		{10178152-03CD-4240-A301-3DBE2E854DA6}.Debug|Any CPU.ActiveCfg = Debug|Any CPU
		{10178152-03CD-4240-A301-3DBE2E854DA6}.Debug|Any CPU.Build.0 = Debug|Any CPU
		{10178152-03CD-4240-A301-3DBE2E854DA6}.Debug|ARM.ActiveCfg = Debug|Any CPU
		{10178152-03CD-4240-A301-3DBE2E854DA6}.Debug|ARM.Build.0 = Debug|Any CPU
		{10178152-03CD-4240-A301-3DBE2E854DA6}.Debug|x64.ActiveCfg = Debug|Any CPU
		{10178152-03CD-4240-A301-3DBE2E854DA6}.Debug|x64.Build.0 = Debug|Any CPU
		{10178152-03CD-4240-A301-3DBE2E854DA6}.Debug|x86.ActiveCfg = Debug|Any CPU
		{10178152-03CD-4240-A301-3DBE2E854DA6}.Debug|x86.Build.0 = Debug|Any CPU
		{10178152-03CD-4240-A301-3DBE2E854DA6}.Release|Any CPU.ActiveCfg = Release|Any CPU
		{10178152-03CD-4240-A301-3DBE2E854DA6}.Release|Any CPU.Build.0 = Release|Any CPU
		{10178152-03CD-4240-A301-3DBE2E854DA6}.Release|ARM.ActiveCfg = Release|Any CPU
		{10178152-03CD-4240-A301-3DBE2E854DA6}.Release|ARM.Build.0 = Release|Any CPU
		{10178152-03CD-4240-A301-3DBE2E854DA6}.Release|x64.ActiveCfg = Release|Any CPU
		{10178152-03CD-4240-A301-3DBE2E854DA6}.Release|x64.Build.0 = Release|Any CPU
		{10178152-03CD-4240-A301-3DBE2E854DA6}.Release|x86.ActiveCfg = Release|Any CPU
		{10178152-03CD-4240-A301-3DBE2E854DA6}.Release|x86.Build.0 = Release|Any CPU
		{2EDF3FF0-D97C-4B9A-B6A9-378A45E35CCD}.Debug|Any CPU.ActiveCfg = Debug|Any CPU
		{2EDF3FF0-D97C-4B9A-B6A9-378A45E35CCD}.Debug|Any CPU.Build.0 = Debug|Any CPU
		{2EDF3FF0-D97C-4B9A-B6A9-378A45E35CCD}.Debug|ARM.ActiveCfg = Debug|Any CPU
		{2EDF3FF0-D97C-4B9A-B6A9-378A45E35CCD}.Debug|ARM.Build.0 = Debug|Any CPU
		{2EDF3FF0-D97C-4B9A-B6A9-378A45E35CCD}.Debug|x64.ActiveCfg = Debug|Any CPU
		{2EDF3FF0-D97C-4B9A-B6A9-378A45E35CCD}.Debug|x64.Build.0 = Debug|Any CPU
		{2EDF3FF0-D97C-4B9A-B6A9-378A45E35CCD}.Debug|x86.ActiveCfg = Debug|Any CPU
		{2EDF3FF0-D97C-4B9A-B6A9-378A45E35CCD}.Debug|x86.Build.0 = Debug|Any CPU
		{2EDF3FF0-D97C-4B9A-B6A9-378A45E35CCD}.Release|Any CPU.ActiveCfg = Release|Any CPU
		{2EDF3FF0-D97C-4B9A-B6A9-378A45E35CCD}.Release|Any CPU.Build.0 = Release|Any CPU
		{2EDF3FF0-D97C-4B9A-B6A9-378A45E35CCD}.Release|ARM.ActiveCfg = Release|Any CPU
		{2EDF3FF0-D97C-4B9A-B6A9-378A45E35CCD}.Release|ARM.Build.0 = Release|Any CPU
		{2EDF3FF0-D97C-4B9A-B6A9-378A45E35CCD}.Release|x64.ActiveCfg = Release|Any CPU
		{2EDF3FF0-D97C-4B9A-B6A9-378A45E35CCD}.Release|x64.Build.0 = Release|Any CPU
		{2EDF3FF0-D97C-4B9A-B6A9-378A45E35CCD}.Release|x86.ActiveCfg = Release|Any CPU
		{2EDF3FF0-D97C-4B9A-B6A9-378A45E35CCD}.Release|x86.Build.0 = Release|Any CPU
		{563360E9-D1B2-4A3F-865D-F85C331F0512}.Debug|Any CPU.ActiveCfg = Debug|Any CPU
		{563360E9-D1B2-4A3F-865D-F85C331F0512}.Debug|Any CPU.Build.0 = Debug|Any CPU
		{563360E9-D1B2-4A3F-865D-F85C331F0512}.Debug|ARM.ActiveCfg = Debug|Any CPU
		{563360E9-D1B2-4A3F-865D-F85C331F0512}.Debug|ARM.Build.0 = Debug|Any CPU
		{563360E9-D1B2-4A3F-865D-F85C331F0512}.Debug|x64.ActiveCfg = Debug|Any CPU
		{563360E9-D1B2-4A3F-865D-F85C331F0512}.Debug|x64.Build.0 = Debug|Any CPU
		{563360E9-D1B2-4A3F-865D-F85C331F0512}.Debug|x86.ActiveCfg = Debug|Any CPU
		{563360E9-D1B2-4A3F-865D-F85C331F0512}.Debug|x86.Build.0 = Debug|Any CPU
		{563360E9-D1B2-4A3F-865D-F85C331F0512}.Release|Any CPU.ActiveCfg = Release|Any CPU
		{563360E9-D1B2-4A3F-865D-F85C331F0512}.Release|Any CPU.Build.0 = Release|Any CPU
		{563360E9-D1B2-4A3F-865D-F85C331F0512}.Release|ARM.ActiveCfg = Release|Any CPU
		{563360E9-D1B2-4A3F-865D-F85C331F0512}.Release|ARM.Build.0 = Release|Any CPU
		{563360E9-D1B2-4A3F-865D-F85C331F0512}.Release|x64.ActiveCfg = Release|Any CPU
		{563360E9-D1B2-4A3F-865D-F85C331F0512}.Release|x64.Build.0 = Release|Any CPU
		{563360E9-D1B2-4A3F-865D-F85C331F0512}.Release|x86.ActiveCfg = Release|Any CPU
		{563360E9-D1B2-4A3F-865D-F85C331F0512}.Release|x86.Build.0 = Release|Any CPU
		{F2B026F9-EFC9-48D3-8080-6C8060170423}.Debug|Any CPU.ActiveCfg = Debug|Any CPU
		{F2B026F9-EFC9-48D3-8080-6C8060170423}.Debug|Any CPU.Build.0 = Debug|Any CPU
		{F2B026F9-EFC9-48D3-8080-6C8060170423}.Debug|ARM.ActiveCfg = Debug|Any CPU
		{F2B026F9-EFC9-48D3-8080-6C8060170423}.Debug|ARM.Build.0 = Debug|Any CPU
		{F2B026F9-EFC9-48D3-8080-6C8060170423}.Debug|x64.ActiveCfg = Debug|Any CPU
		{F2B026F9-EFC9-48D3-8080-6C8060170423}.Debug|x64.Build.0 = Debug|Any CPU
		{F2B026F9-EFC9-48D3-8080-6C8060170423}.Debug|x86.ActiveCfg = Debug|Any CPU
		{F2B026F9-EFC9-48D3-8080-6C8060170423}.Debug|x86.Build.0 = Debug|Any CPU
		{F2B026F9-EFC9-48D3-8080-6C8060170423}.Release|Any CPU.ActiveCfg = Release|Any CPU
		{F2B026F9-EFC9-48D3-8080-6C8060170423}.Release|Any CPU.Build.0 = Release|Any CPU
		{F2B026F9-EFC9-48D3-8080-6C8060170423}.Release|ARM.ActiveCfg = Release|Any CPU
		{F2B026F9-EFC9-48D3-8080-6C8060170423}.Release|ARM.Build.0 = Release|Any CPU
		{F2B026F9-EFC9-48D3-8080-6C8060170423}.Release|x64.ActiveCfg = Release|Any CPU
		{F2B026F9-EFC9-48D3-8080-6C8060170423}.Release|x64.Build.0 = Release|Any CPU
		{F2B026F9-EFC9-48D3-8080-6C8060170423}.Release|x86.ActiveCfg = Release|Any CPU
		{F2B026F9-EFC9-48D3-8080-6C8060170423}.Release|x86.Build.0 = Release|Any CPU
		{511D3B25-CE04-46EC-9180-125865D6DBCF}.Debug|Any CPU.ActiveCfg = Debug|Any CPU
		{511D3B25-CE04-46EC-9180-125865D6DBCF}.Debug|Any CPU.Build.0 = Debug|Any CPU
		{511D3B25-CE04-46EC-9180-125865D6DBCF}.Debug|ARM.ActiveCfg = Debug|Any CPU
		{511D3B25-CE04-46EC-9180-125865D6DBCF}.Debug|ARM.Build.0 = Debug|Any CPU
		{511D3B25-CE04-46EC-9180-125865D6DBCF}.Debug|x64.ActiveCfg = Debug|Any CPU
		{511D3B25-CE04-46EC-9180-125865D6DBCF}.Debug|x64.Build.0 = Debug|Any CPU
		{511D3B25-CE04-46EC-9180-125865D6DBCF}.Debug|x86.ActiveCfg = Debug|Any CPU
		{511D3B25-CE04-46EC-9180-125865D6DBCF}.Debug|x86.Build.0 = Debug|Any CPU
		{511D3B25-CE04-46EC-9180-125865D6DBCF}.Release|Any CPU.ActiveCfg = Release|Any CPU
		{511D3B25-CE04-46EC-9180-125865D6DBCF}.Release|Any CPU.Build.0 = Release|Any CPU
		{511D3B25-CE04-46EC-9180-125865D6DBCF}.Release|ARM.ActiveCfg = Release|Any CPU
		{511D3B25-CE04-46EC-9180-125865D6DBCF}.Release|ARM.Build.0 = Release|Any CPU
		{511D3B25-CE04-46EC-9180-125865D6DBCF}.Release|x64.ActiveCfg = Release|Any CPU
		{511D3B25-CE04-46EC-9180-125865D6DBCF}.Release|x64.Build.0 = Release|Any CPU
		{511D3B25-CE04-46EC-9180-125865D6DBCF}.Release|x86.ActiveCfg = Release|Any CPU
		{511D3B25-CE04-46EC-9180-125865D6DBCF}.Release|x86.Build.0 = Release|Any CPU
		{5F030C47-2422-456B-BBDF-1CDBA0BF1A6B}.Debug|Any CPU.ActiveCfg = Debug|Any CPU
		{5F030C47-2422-456B-BBDF-1CDBA0BF1A6B}.Debug|Any CPU.Build.0 = Debug|Any CPU
		{5F030C47-2422-456B-BBDF-1CDBA0BF1A6B}.Debug|ARM.ActiveCfg = Debug|Any CPU
		{5F030C47-2422-456B-BBDF-1CDBA0BF1A6B}.Debug|ARM.Build.0 = Debug|Any CPU
		{5F030C47-2422-456B-BBDF-1CDBA0BF1A6B}.Debug|x64.ActiveCfg = Debug|Any CPU
		{5F030C47-2422-456B-BBDF-1CDBA0BF1A6B}.Debug|x64.Build.0 = Debug|Any CPU
		{5F030C47-2422-456B-BBDF-1CDBA0BF1A6B}.Debug|x86.ActiveCfg = Debug|Any CPU
		{5F030C47-2422-456B-BBDF-1CDBA0BF1A6B}.Debug|x86.Build.0 = Debug|Any CPU
		{5F030C47-2422-456B-BBDF-1CDBA0BF1A6B}.Release|Any CPU.ActiveCfg = Release|Any CPU
		{5F030C47-2422-456B-BBDF-1CDBA0BF1A6B}.Release|Any CPU.Build.0 = Release|Any CPU
		{5F030C47-2422-456B-BBDF-1CDBA0BF1A6B}.Release|ARM.ActiveCfg = Release|Any CPU
		{5F030C47-2422-456B-BBDF-1CDBA0BF1A6B}.Release|ARM.Build.0 = Release|Any CPU
		{5F030C47-2422-456B-BBDF-1CDBA0BF1A6B}.Release|x64.ActiveCfg = Release|Any CPU
		{5F030C47-2422-456B-BBDF-1CDBA0BF1A6B}.Release|x64.Build.0 = Release|Any CPU
		{5F030C47-2422-456B-BBDF-1CDBA0BF1A6B}.Release|x86.ActiveCfg = Release|Any CPU
		{5F030C47-2422-456B-BBDF-1CDBA0BF1A6B}.Release|x86.Build.0 = Release|Any CPU
		{53B46E49-F848-4C2D-BD81-E46A07C03CA7}.Debug|Any CPU.ActiveCfg = Debug|x86
		{53B46E49-F848-4C2D-BD81-E46A07C03CA7}.Debug|ARM.ActiveCfg = Debug|ARM
		{53B46E49-F848-4C2D-BD81-E46A07C03CA7}.Debug|ARM.Build.0 = Debug|ARM
		{53B46E49-F848-4C2D-BD81-E46A07C03CA7}.Debug|ARM.Deploy.0 = Debug|ARM
		{53B46E49-F848-4C2D-BD81-E46A07C03CA7}.Debug|x64.ActiveCfg = Debug|x64
		{53B46E49-F848-4C2D-BD81-E46A07C03CA7}.Debug|x64.Build.0 = Debug|x64
		{53B46E49-F848-4C2D-BD81-E46A07C03CA7}.Debug|x64.Deploy.0 = Debug|x64
		{53B46E49-F848-4C2D-BD81-E46A07C03CA7}.Debug|x86.ActiveCfg = Debug|x86
		{53B46E49-F848-4C2D-BD81-E46A07C03CA7}.Debug|x86.Build.0 = Debug|x86
		{53B46E49-F848-4C2D-BD81-E46A07C03CA7}.Debug|x86.Deploy.0 = Debug|x86
		{53B46E49-F848-4C2D-BD81-E46A07C03CA7}.Release|Any CPU.ActiveCfg = Release|x86
		{53B46E49-F848-4C2D-BD81-E46A07C03CA7}.Release|ARM.ActiveCfg = Release|ARM
		{53B46E49-F848-4C2D-BD81-E46A07C03CA7}.Release|ARM.Build.0 = Release|ARM
		{53B46E49-F848-4C2D-BD81-E46A07C03CA7}.Release|ARM.Deploy.0 = Release|ARM
		{53B46E49-F848-4C2D-BD81-E46A07C03CA7}.Release|x64.ActiveCfg = Release|x64
		{53B46E49-F848-4C2D-BD81-E46A07C03CA7}.Release|x64.Build.0 = Release|x64
		{53B46E49-F848-4C2D-BD81-E46A07C03CA7}.Release|x64.Deploy.0 = Release|x64
		{53B46E49-F848-4C2D-BD81-E46A07C03CA7}.Release|x86.ActiveCfg = Release|x86
		{53B46E49-F848-4C2D-BD81-E46A07C03CA7}.Release|x86.Build.0 = Release|x86
		{53B46E49-F848-4C2D-BD81-E46A07C03CA7}.Release|x86.Deploy.0 = Release|x86
		{1FBEA475-ED3E-4DD9-AAC9-3D89E33BFC3F}.Debug|Any CPU.ActiveCfg = Debug|Any CPU
		{1FBEA475-ED3E-4DD9-AAC9-3D89E33BFC3F}.Debug|Any CPU.Build.0 = Debug|Any CPU
		{1FBEA475-ED3E-4DD9-AAC9-3D89E33BFC3F}.Debug|ARM.ActiveCfg = Debug|Any CPU
		{1FBEA475-ED3E-4DD9-AAC9-3D89E33BFC3F}.Debug|ARM.Build.0 = Debug|Any CPU
		{1FBEA475-ED3E-4DD9-AAC9-3D89E33BFC3F}.Debug|x64.ActiveCfg = Debug|Any CPU
		{1FBEA475-ED3E-4DD9-AAC9-3D89E33BFC3F}.Debug|x64.Build.0 = Debug|Any CPU
		{1FBEA475-ED3E-4DD9-AAC9-3D89E33BFC3F}.Debug|x86.ActiveCfg = Debug|Any CPU
		{1FBEA475-ED3E-4DD9-AAC9-3D89E33BFC3F}.Debug|x86.Build.0 = Debug|Any CPU
		{1FBEA475-ED3E-4DD9-AAC9-3D89E33BFC3F}.Release|Any CPU.ActiveCfg = Release|Any CPU
		{1FBEA475-ED3E-4DD9-AAC9-3D89E33BFC3F}.Release|Any CPU.Build.0 = Release|Any CPU
		{1FBEA475-ED3E-4DD9-AAC9-3D89E33BFC3F}.Release|ARM.ActiveCfg = Release|Any CPU
		{1FBEA475-ED3E-4DD9-AAC9-3D89E33BFC3F}.Release|ARM.Build.0 = Release|Any CPU
		{1FBEA475-ED3E-4DD9-AAC9-3D89E33BFC3F}.Release|x64.ActiveCfg = Release|Any CPU
		{1FBEA475-ED3E-4DD9-AAC9-3D89E33BFC3F}.Release|x64.Build.0 = Release|Any CPU
		{1FBEA475-ED3E-4DD9-AAC9-3D89E33BFC3F}.Release|x86.ActiveCfg = Release|Any CPU
		{1FBEA475-ED3E-4DD9-AAC9-3D89E33BFC3F}.Release|x86.Build.0 = Release|Any CPU
		{9721EF0D-CEAD-43C7-B1E6-A28BBAE8C5C8}.Debug|Any CPU.ActiveCfg = Debug|Any CPU
		{9721EF0D-CEAD-43C7-B1E6-A28BBAE8C5C8}.Debug|Any CPU.Build.0 = Debug|Any CPU
		{9721EF0D-CEAD-43C7-B1E6-A28BBAE8C5C8}.Debug|ARM.ActiveCfg = Debug|Any CPU
		{9721EF0D-CEAD-43C7-B1E6-A28BBAE8C5C8}.Debug|ARM.Build.0 = Debug|Any CPU
		{9721EF0D-CEAD-43C7-B1E6-A28BBAE8C5C8}.Debug|x64.ActiveCfg = Debug|Any CPU
		{9721EF0D-CEAD-43C7-B1E6-A28BBAE8C5C8}.Debug|x64.Build.0 = Debug|Any CPU
		{9721EF0D-CEAD-43C7-B1E6-A28BBAE8C5C8}.Debug|x86.ActiveCfg = Debug|Any CPU
		{9721EF0D-CEAD-43C7-B1E6-A28BBAE8C5C8}.Debug|x86.Build.0 = Debug|Any CPU
		{9721EF0D-CEAD-43C7-B1E6-A28BBAE8C5C8}.Release|Any CPU.ActiveCfg = Release|Any CPU
		{9721EF0D-CEAD-43C7-B1E6-A28BBAE8C5C8}.Release|Any CPU.Build.0 = Release|Any CPU
		{9721EF0D-CEAD-43C7-B1E6-A28BBAE8C5C8}.Release|ARM.ActiveCfg = Release|Any CPU
		{9721EF0D-CEAD-43C7-B1E6-A28BBAE8C5C8}.Release|ARM.Build.0 = Release|Any CPU
		{9721EF0D-CEAD-43C7-B1E6-A28BBAE8C5C8}.Release|x64.ActiveCfg = Release|Any CPU
		{9721EF0D-CEAD-43C7-B1E6-A28BBAE8C5C8}.Release|x64.Build.0 = Release|Any CPU
		{9721EF0D-CEAD-43C7-B1E6-A28BBAE8C5C8}.Release|x86.ActiveCfg = Release|Any CPU
		{9721EF0D-CEAD-43C7-B1E6-A28BBAE8C5C8}.Release|x86.Build.0 = Release|Any CPU
		{F2436D79-D117-4007-91BE-7321AF9DB939}.Debug|Any CPU.ActiveCfg = Debug|Any CPU
		{F2436D79-D117-4007-91BE-7321AF9DB939}.Debug|Any CPU.Build.0 = Debug|Any CPU
		{F2436D79-D117-4007-91BE-7321AF9DB939}.Debug|ARM.ActiveCfg = Debug|Any CPU
		{F2436D79-D117-4007-91BE-7321AF9DB939}.Debug|ARM.Build.0 = Debug|Any CPU
		{F2436D79-D117-4007-91BE-7321AF9DB939}.Debug|x64.ActiveCfg = Debug|Any CPU
		{F2436D79-D117-4007-91BE-7321AF9DB939}.Debug|x64.Build.0 = Debug|Any CPU
		{F2436D79-D117-4007-91BE-7321AF9DB939}.Debug|x86.ActiveCfg = Debug|Any CPU
		{F2436D79-D117-4007-91BE-7321AF9DB939}.Debug|x86.Build.0 = Debug|Any CPU
		{F2436D79-D117-4007-91BE-7321AF9DB939}.Release|Any CPU.ActiveCfg = Release|Any CPU
		{F2436D79-D117-4007-91BE-7321AF9DB939}.Release|Any CPU.Build.0 = Release|Any CPU
		{F2436D79-D117-4007-91BE-7321AF9DB939}.Release|ARM.ActiveCfg = Release|Any CPU
		{F2436D79-D117-4007-91BE-7321AF9DB939}.Release|ARM.Build.0 = Release|Any CPU
		{F2436D79-D117-4007-91BE-7321AF9DB939}.Release|x64.ActiveCfg = Release|Any CPU
		{F2436D79-D117-4007-91BE-7321AF9DB939}.Release|x64.Build.0 = Release|Any CPU
		{F2436D79-D117-4007-91BE-7321AF9DB939}.Release|x86.ActiveCfg = Release|Any CPU
		{F2436D79-D117-4007-91BE-7321AF9DB939}.Release|x86.Build.0 = Release|Any CPU
		{679F6E15-6DB0-4BAB-A697-341B3FA1EE54}.Debug|Any CPU.ActiveCfg = Debug|Any CPU
		{679F6E15-6DB0-4BAB-A697-341B3FA1EE54}.Debug|Any CPU.Build.0 = Debug|Any CPU
		{679F6E15-6DB0-4BAB-A697-341B3FA1EE54}.Debug|ARM.ActiveCfg = Debug|Any CPU
		{679F6E15-6DB0-4BAB-A697-341B3FA1EE54}.Debug|ARM.Build.0 = Debug|Any CPU
		{679F6E15-6DB0-4BAB-A697-341B3FA1EE54}.Debug|x64.ActiveCfg = Debug|Any CPU
		{679F6E15-6DB0-4BAB-A697-341B3FA1EE54}.Debug|x64.Build.0 = Debug|Any CPU
		{679F6E15-6DB0-4BAB-A697-341B3FA1EE54}.Debug|x86.ActiveCfg = Debug|Any CPU
		{679F6E15-6DB0-4BAB-A697-341B3FA1EE54}.Debug|x86.Build.0 = Debug|Any CPU
		{679F6E15-6DB0-4BAB-A697-341B3FA1EE54}.Release|Any CPU.ActiveCfg = Release|Any CPU
		{679F6E15-6DB0-4BAB-A697-341B3FA1EE54}.Release|Any CPU.Build.0 = Release|Any CPU
		{679F6E15-6DB0-4BAB-A697-341B3FA1EE54}.Release|ARM.ActiveCfg = Release|Any CPU
		{679F6E15-6DB0-4BAB-A697-341B3FA1EE54}.Release|ARM.Build.0 = Release|Any CPU
		{679F6E15-6DB0-4BAB-A697-341B3FA1EE54}.Release|x64.ActiveCfg = Release|Any CPU
		{679F6E15-6DB0-4BAB-A697-341B3FA1EE54}.Release|x64.Build.0 = Release|Any CPU
		{679F6E15-6DB0-4BAB-A697-341B3FA1EE54}.Release|x86.ActiveCfg = Release|Any CPU
		{679F6E15-6DB0-4BAB-A697-341B3FA1EE54}.Release|x86.Build.0 = Release|Any CPU
		{690BFCA7-7DB1-44B7-8D36-F8A6F7DAEE8D}.Debug|Any CPU.ActiveCfg = Debug|Any CPU
		{690BFCA7-7DB1-44B7-8D36-F8A6F7DAEE8D}.Debug|Any CPU.Build.0 = Debug|Any CPU
		{690BFCA7-7DB1-44B7-8D36-F8A6F7DAEE8D}.Debug|ARM.ActiveCfg = Debug|Any CPU
		{690BFCA7-7DB1-44B7-8D36-F8A6F7DAEE8D}.Debug|ARM.Build.0 = Debug|Any CPU
		{690BFCA7-7DB1-44B7-8D36-F8A6F7DAEE8D}.Debug|x64.ActiveCfg = Debug|Any CPU
		{690BFCA7-7DB1-44B7-8D36-F8A6F7DAEE8D}.Debug|x64.Build.0 = Debug|Any CPU
		{690BFCA7-7DB1-44B7-8D36-F8A6F7DAEE8D}.Debug|x86.ActiveCfg = Debug|Any CPU
		{690BFCA7-7DB1-44B7-8D36-F8A6F7DAEE8D}.Debug|x86.Build.0 = Debug|Any CPU
		{690BFCA7-7DB1-44B7-8D36-F8A6F7DAEE8D}.Release|Any CPU.ActiveCfg = Release|Any CPU
		{690BFCA7-7DB1-44B7-8D36-F8A6F7DAEE8D}.Release|Any CPU.Build.0 = Release|Any CPU
		{690BFCA7-7DB1-44B7-8D36-F8A6F7DAEE8D}.Release|ARM.ActiveCfg = Release|Any CPU
		{690BFCA7-7DB1-44B7-8D36-F8A6F7DAEE8D}.Release|ARM.Build.0 = Release|Any CPU
		{690BFCA7-7DB1-44B7-8D36-F8A6F7DAEE8D}.Release|x64.ActiveCfg = Release|Any CPU
		{690BFCA7-7DB1-44B7-8D36-F8A6F7DAEE8D}.Release|x64.Build.0 = Release|Any CPU
		{690BFCA7-7DB1-44B7-8D36-F8A6F7DAEE8D}.Release|x86.ActiveCfg = Release|Any CPU
		{690BFCA7-7DB1-44B7-8D36-F8A6F7DAEE8D}.Release|x86.Build.0 = Release|Any CPU
		{D2443F15-F0C6-40EF-8F8B-60CEF7A9B5AC}.Debug|Any CPU.ActiveCfg = Debug|Any CPU
		{D2443F15-F0C6-40EF-8F8B-60CEF7A9B5AC}.Debug|Any CPU.Build.0 = Debug|Any CPU
		{D2443F15-F0C6-40EF-8F8B-60CEF7A9B5AC}.Debug|ARM.ActiveCfg = Debug|Any CPU
		{D2443F15-F0C6-40EF-8F8B-60CEF7A9B5AC}.Debug|ARM.Build.0 = Debug|Any CPU
		{D2443F15-F0C6-40EF-8F8B-60CEF7A9B5AC}.Debug|x64.ActiveCfg = Debug|Any CPU
		{D2443F15-F0C6-40EF-8F8B-60CEF7A9B5AC}.Debug|x64.Build.0 = Debug|Any CPU
		{D2443F15-F0C6-40EF-8F8B-60CEF7A9B5AC}.Debug|x86.ActiveCfg = Debug|Any CPU
		{D2443F15-F0C6-40EF-8F8B-60CEF7A9B5AC}.Debug|x86.Build.0 = Debug|Any CPU
		{D2443F15-F0C6-40EF-8F8B-60CEF7A9B5AC}.Release|Any CPU.ActiveCfg = Release|Any CPU
		{D2443F15-F0C6-40EF-8F8B-60CEF7A9B5AC}.Release|Any CPU.Build.0 = Release|Any CPU
		{D2443F15-F0C6-40EF-8F8B-60CEF7A9B5AC}.Release|ARM.ActiveCfg = Release|Any CPU
		{D2443F15-F0C6-40EF-8F8B-60CEF7A9B5AC}.Release|ARM.Build.0 = Release|Any CPU
		{D2443F15-F0C6-40EF-8F8B-60CEF7A9B5AC}.Release|x64.ActiveCfg = Release|Any CPU
		{D2443F15-F0C6-40EF-8F8B-60CEF7A9B5AC}.Release|x64.Build.0 = Release|Any CPU
		{D2443F15-F0C6-40EF-8F8B-60CEF7A9B5AC}.Release|x86.ActiveCfg = Release|Any CPU
		{D2443F15-F0C6-40EF-8F8B-60CEF7A9B5AC}.Release|x86.Build.0 = Release|Any CPU
	EndGlobalSection
	GlobalSection(SolutionProperties) = preSolution
		HideSolutionNode = FALSE
	EndGlobalSection
	GlobalSection(NestedProjects) = preSolution
		{8421C668-8844-4108-B360-BA18FF19298B} = {9B836B70-7F8B-47B4-AE38-EBDE5CE27038}
		{4A8DDE37-78F7-4B52-89BE-8EB58785B6E3} = {9B836B70-7F8B-47B4-AE38-EBDE5CE27038}
		{06695F0A-53D1-4C1E-B38E-176C2669E2E7} = {9B836B70-7F8B-47B4-AE38-EBDE5CE27038}
		{10178152-03CD-4240-A301-3DBE2E854DA6} = {9B836B70-7F8B-47B4-AE38-EBDE5CE27038}
		{2EDF3FF0-D97C-4B9A-B6A9-378A45E35CCD} = {2DD66358-8A70-47E9-A194-E983C7D55B2B}
		{563360E9-D1B2-4A3F-865D-F85C331F0512} = {0FEB8D69-560B-4A94-8DF2-B60694A0A8FB}
		{F2B026F9-EFC9-48D3-8080-6C8060170423} = {EDCA6C61-3D17-4CE5-A650-06534A76B9D0}
		{511D3B25-CE04-46EC-9180-125865D6DBCF} = {EDCA6C61-3D17-4CE5-A650-06534A76B9D0}
		{5F030C47-2422-456B-BBDF-1CDBA0BF1A6B} = {EDCA6C61-3D17-4CE5-A650-06534A76B9D0}
		{53B46E49-F848-4C2D-BD81-E46A07C03CA7} = {EDCA6C61-3D17-4CE5-A650-06534A76B9D0}
		{1FBEA475-ED3E-4DD9-AAC9-3D89E33BFC3F} = {9B836B70-7F8B-47B4-AE38-EBDE5CE27038}
		{9721EF0D-CEAD-43C7-B1E6-A28BBAE8C5C8} = {48511846-185C-42AC-9D6A-AECA71A52991}
		{F2436D79-D117-4007-91BE-7321AF9DB939} = {48511846-185C-42AC-9D6A-AECA71A52991}
		{679F6E15-6DB0-4BAB-A697-341B3FA1EE54} = {48511846-185C-42AC-9D6A-AECA71A52991}
		{690BFCA7-7DB1-44B7-8D36-F8A6F7DAEE8D} = {48511846-185C-42AC-9D6A-AECA71A52991}
		{D2443F15-F0C6-40EF-8F8B-60CEF7A9B5AC} = {48511846-185C-42AC-9D6A-AECA71A52991}
	EndGlobalSection
	GlobalSection(TeamFoundationVersionControl) = preSolution
		SccNumberOfProjects = 12
		SccEnterpriseProvider = {4CA58AB2-18FA-4F8D-95D4-32DDF27D184C}
		SccTeamFoundationServer = https://artiomovechko.visualstudio.com/
		SccLocalPath0 = .
		SccProjectUniqueName1 = Chevo.RPG.App\\Chevo.RPG.App.csproj
		SccProjectTopLevelParentUniqueName1 = Custom.RPG.sln
		SccProjectName1 = Chevo.RPG.App
		SccLocalPath1 = Chevo.RPG.App
		SccProjectUniqueName2 = Chevo.RPG.Core\\Chevo.RPG.Core.csproj
		SccProjectTopLevelParentUniqueName2 = Custom.RPG.sln
		SccProjectName2 = Chevo.RPG.Core
		SccLocalPath2 = Chevo.RPG.Core
		SccProjectUniqueName3 = Chevo.RPG.Common\\Chevo.RPG.Common.csproj
		SccProjectTopLevelParentUniqueName3 = Custom.RPG.sln
		SccProjectName3 = Chevo.RPG.Common
		SccLocalPath3 = Chevo.RPG.Common
		SccProjectUniqueName4 = Chevo.RPG.ViewModel\\Chevo.RPG.ViewModel.csproj
		SccProjectTopLevelParentUniqueName4 = Custom.RPG.sln
		SccProjectName4 = Chevo.RPG.ViewModel
		SccLocalPath4 = Chevo.RPG.ViewModel
		SccProjectUniqueName5 = ArtiomOvechko.RPG.WebAPI\\ArtiomOvechko.RPG.WebAPI.csproj
		SccProjectTopLevelParentUniqueName5 = Custom.RPG.sln
		SccProjectName5 = ArtiomOvechko.RPG.WebAPI
		SccLocalPath5 = ArtiomOvechko.RPG.WebAPI
		SccProjectUniqueName6 = ArtiomOvechko.RPG.Test\\ArtiomOvechko.RPG.Test.csproj
		SccProjectTopLevelParentUniqueName6 = Custom.RPG.sln
		SccProjectName6 = ArtiomOvechko.RPG.Test
		SccLocalPath6 = ArtiomOvechko.RPG.Test
		SccProjectUniqueName7 = ArtiomOvechko.RPG.Common\\ArtiomOvechko.RPG.Common.csproj
		SccProjectTopLevelParentUniqueName7 = Custom.RPG.sln
		SccProjectName7 = ArtiomOvechko.RPG.Common
		SccLocalPath7 = ArtiomOvechko.RPG.Common
		SccProjectUniqueName8 = ArtiomOvechko.RPG.Core\\ArtiomOvechko.RPG.Core.csproj
		SccProjectTopLevelParentUniqueName8 = Custom.RPG.sln
		SccProjectName8 = ArtiomOvechko.RPG.Core
		SccLocalPath8 = ArtiomOvechko.RPG.Core
		SccProjectUniqueName9 = ArtiomOvechko.RPG.ViewModel\\ArtiomOvechko.RPG.ViewModel.csproj
		SccProjectTopLevelParentUniqueName9 = Custom.RPG.sln
		SccProjectName9 = ArtiomOvechko.RPG.ViewModel
		SccLocalPath9 = ArtiomOvechko.RPG.ViewModel
		SccProjectUniqueName10 = ArtiomOvechko.RPG.App\\ArtiomOvechko.RPG.App.csproj
		SccProjectTopLevelParentUniqueName10 = Custom.RPG.sln
		SccProjectName10 = ArtiomOvechko.RPG.App
		SccLocalPath10 = ArtiomOvechko.RPG.App
		SccProjectUniqueName11 = ArtiomOvechko.RPG.Editor\\ArtiomOvechko.RPG.Editor.csproj
		SccProjectTopLevelParentUniqueName11 = Custom.RPG.sln
		SccProjectName11 = ArtiomOvechko.RPG.Editor
		SccLocalPath11 = ArtiomOvechko.RPG.Editor
	EndGlobalSection
EndGlobal
