
Microsoft Visual Studio Solution File, Format Version 12.00
# Visual Studio Version 16
VisualStudioVersion = 16.0.29503.13
MinimumVisualStudioVersion = 10.0.40219.1
Project("{FAE04EC0-301F-11D3-BF4B-00C04F79EFBC}") = "Chevo.RPG.App", "Chevo.RPG.App\Chevo.RPG.App.csproj", "{8421C668-8844-4108-B360-BA18FF19298B}"
EndProject
Project("{FAE04EC0-301F-11D3-BF4B-00C04F79EFBC}") = "Chevo.RPG.Core", "Chevo.RPG.Core\Chevo.RPG.Core.csproj", "{4A8DDE37-78F7-4B52-89BE-8EB58785B6E3}"
EndProject
Project("{FAE04EC0-301F-11D3-BF4B-00C04F79EFBC}") = "Chevo.RPG.Common", "Chevo.RPG.Common\Chevo.RPG.Common.csproj", "{06695F0A-53D1-4C1E-B38E-176C2669E2E7}"
EndProject
Project("{FAE04EC0-301F-11D3-BF4B-00C04F79EFBC}") = "Chevo.RPG.ViewModel", "Chevo.RPG.ViewModel\Chevo.RPG.ViewModel.csproj", "{10178152-03CD-4240-A301-3DBE2E854DA6}"
EndProject
Project("{2150E333-8FDC-42A3-9474-1A3956D46DE8}") = "WPF", "WPF", "{9B836B70-7F8B-47B4-AE38-EBDE5CE27038}"
EndProject
Project("{FAE04EC0-301F-11D3-BF4B-00C04F79EFBC}") = "ArtiomOvechko.RPG.Editor", "ArtiomOvechko.RPG.Editor\ArtiomOvechko.RPG.Editor.csproj", "{1FBEA475-ED3E-4DD9-AAC9-3D89E33BFC3F}"
EndProject
Project("{2150E333-8FDC-42A3-9474-1A3956D46DE8}") = "WebApp", "WebApp", "{48511846-185C-42AC-9D6A-AECA71A52991}"
EndProject
Project("{9A19103F-16F7-4668-BE54-9A1E7A4F7556}") = "ArtiomOvechko.RPG.WebApp.Core", "ArtiomOvechko.RPG.WebApp.Core\ArtiomOvechko.RPG.WebApp.Core.csproj", "{9721EF0D-CEAD-43C7-B1E6-A28BBAE8C5C8}"
EndProject
Project("{9A19103F-16F7-4668-BE54-9A1E7A4F7556}") = "ArtiomOvechko.RPG.WebApp.Common", "ArtiomOvechko.RPG.WebApp.Common\ArtiomOvechko.RPG.WebApp.Common.csproj", "{F2436D79-D117-4007-91BE-7321AF9DB939}"
EndProject
Project("{9A19103F-16F7-4668-BE54-9A1E7A4F7556}") = "ArtiomOvechko.RPG.WebApp.ViewModel", "ArtiomOvechko.RPG.WebApp.ViewModel\ArtiomOvechko.RPG.WebApp.ViewModel.csproj", "{679F6E15-6DB0-4BAB-A697-341B3FA1EE54}"
EndProject
Project("{9A19103F-16F7-4668-BE54-9A1E7A4F7556}") = "ArtiomOvechko.RPG.WebApp.Console", "ArtiomOvechko.RPG.WebApp.Console\ArtiomOvechko.RPG.WebApp.Console.csproj", "{690BFCA7-7DB1-44B7-8D36-F8A6F7DAEE8D}"
EndProject
Project("{9A19103F-16F7-4668-BE54-9A1E7A4F7556}") = "ArtiomOvechko.RPG.WebApp.BlazorServer", "ArtiomOvechko.RPG.WebApp.BlazorServer\ArtiomOvechko.RPG.WebApp.BlazorServer.csproj", "{D2443F15-F0C6-40EF-8F8B-60CEF7A9B5AC}"
EndProject
Project("{9A19103F-16F7-4668-BE54-9A1E7A4F7556}") = "ArtiomOvechko.RPG.WebApp.BlazorWasm", "ArtiomOvechko.RPG.WebApp.BlazorWasm\ArtiomOvechko.RPG.WebApp.BlazorWasm.csproj", "{E8CFAA85-D83D-4EB9-8DD6-AAF4E6AF8504}"
EndProject
Project("{9A19103F-16F7-4668-BE54-9A1E7A4F7556}") = "ArtiomOvechko.RPG.Mono.App", "ArtiomOvechko.RPG.Mono.App\ArtiomOvechko.RPG.Mono.App.csproj", "{1B0CC2D6-FC19-441D-B162-1758F3340E83}"
EndProject
Project("{2150E333-8FDC-42A3-9474-1A3956D46DE8}") = "MonoGame", "MonoGame", "{02074C42-4DE2-4571-A642-48EA8B0FA0B3}"
EndProject
Project("{FAE04EC0-301F-11D3-BF4B-00C04F79EFBC}") = "ArtiomOvechko.RPG.Mono.Common", "ArtiomOvechko.RPG.Mono.Common\ArtiomOvechko.RPG.Mono.Common.csproj", "{DFC763C9-4635-40FE-95E0-CD99D87A5096}"
EndProject
Project("{FAE04EC0-301F-11D3-BF4B-00C04F79EFBC}") = "ArtiomOvechko.RPG.Mono.Core", "ArtiomOvechko.RPG.Mono.Core\ArtiomOvechko.RPG.Mono.Core.csproj", "{1BA3ADCD-26A9-48A5-886A-922BFD0AD055}"
EndProject
Project("{FAE04EC0-301F-11D3-BF4B-00C04F79EFBC}") = "ArtiomOvechko.RPG.Mono.ViewModel", "ArtiomOvechko.RPG.Mono.ViewModel\ArtiomOvechko.RPG.Mono.ViewModel.csproj", "{D8CFC230-446F-4C2C-8CD2-943F0B267B80}"
EndProject
Project("{2150E333-8FDC-42A3-9474-1A3956D46DE8}") = "Deprecated", "Deprecated", "{4AAB12B8-6756-4237-AA43-E7F545BD9B84}"
EndProject
Project("{2150E333-8FDC-42A3-9474-1A3956D46DE8}") = "Desktop", "Desktop", "{B3385663-30E2-4700-AA47-339DBE897CC8}"
EndProject
Project("{9A19103F-16F7-4668-BE54-9A1E7A4F7556}") = "ArtiomOvechko.RPG.Desktop.App", "ArtiomOvechko.RPG.Desktop.App\ArtiomOvechko.RPG.Desktop.App.csproj", "{787A62D8-098E-457D-ABEA-D0E10793BC15}"
EndProject
Project("{FAE04EC0-301F-11D3-BF4B-00C04F79EFBC}") = "ArtiomOvechko.PRG.Desktop.Core", "ArtiomOvechko.PRG.Desktop.Core\ArtiomOvechko.PRG.Desktop.Core.csproj", "{6DA3A647-FA9A-4644-99F1-80CAE88498B0}"
EndProject
Global
	GlobalSection(SolutionConfigurationPlatforms) = preSolution
		Debug|Any CPU = Debug|Any CPU
		Debug|ARM = Debug|ARM
		Debug|x64 = Debug|x64
		Debug|x86 = Debug|x86
		Release|Any CPU = Release|Any CPU
		Release|ARM = Release|ARM
		Release|x64 = Release|x64
		Release|x86 = Release|x86
	EndGlobalSection
	GlobalSection(ProjectConfigurationPlatforms) = postSolution
		{8421C668-8844-4108-B360-BA18FF19298B}.Debug|Any CPU.ActiveCfg = Debug|Any CPU
		{8421C668-8844-4108-B360-BA18FF19298B}.Debug|Any CPU.Build.0 = Debug|Any CPU
		{8421C668-8844-4108-B360-BA18FF19298B}.Debug|ARM.ActiveCfg = Debug|Any CPU
		{8421C668-8844-4108-B360-BA18FF19298B}.Debug|ARM.Build.0 = Debug|Any CPU
		{8421C668-8844-4108-B360-BA18FF19298B}.Debug|x64.ActiveCfg = Debug|Any CPU
		{8421C668-8844-4108-B360-BA18FF19298B}.Debug|x64.Build.0 = Debug|Any CPU
		{8421C668-8844-4108-B360-BA18FF19298B}.Debug|x86.ActiveCfg = Debug|Any CPU
		{8421C668-8844-4108-B360-BA18FF19298B}.Debug|x86.Build.0 = Debug|Any CPU
		{8421C668-8844-4108-B360-BA18FF19298B}.Release|Any CPU.ActiveCfg = Release|Any CPU
		{8421C668-8844-4108-B360-BA18FF19298B}.Release|Any CPU.Build.0 = Release|Any CPU
		{8421C668-8844-4108-B360-BA18FF19298B}.Release|ARM.ActiveCfg = Release|Any CPU
		{8421C668-8844-4108-B360-BA18FF19298B}.Release|ARM.Build.0 = Release|Any CPU
		{8421C668-8844-4108-B360-BA18FF19298B}.Release|x64.ActiveCfg = Release|Any CPU
		{8421C668-8844-4108-B360-BA18FF19298B}.Release|x64.Build.0 = Release|Any CPU
		{8421C668-8844-4108-B360-BA18FF19298B}.Release|x86.ActiveCfg = Release|Any CPU
		{8421C668-8844-4108-B360-BA18FF19298B}.Release|x86.Build.0 = Release|Any CPU
		{4A8DDE37-78F7-4B52-89BE-8EB58785B6E3}.Debug|Any CPU.ActiveCfg = Debug|Any CPU
		{4A8DDE37-78F7-4B52-89BE-8EB58785B6E3}.Debug|Any CPU.Build.0 = Debug|Any CPU
		{4A8DDE37-78F7-4B52-89BE-8EB58785B6E3}.Debug|ARM.ActiveCfg = Debug|Any CPU
		{4A8DDE37-78F7-4B52-89BE-8EB58785B6E3}.Debug|ARM.Build.0 = Debug|Any CPU
		{4A8DDE37-78F7-4B52-89BE-8EB58785B6E3}.Debug|x64.ActiveCfg = Debug|Any CPU
		{4A8DDE37-78F7-4B52-89BE-8EB58785B6E3}.Debug|x64.Build.0 = Debug|Any CPU
		{4A8DDE37-78F7-4B52-89BE-8EB58785B6E3}.Debug|x86.ActiveCfg = Debug|Any CPU
		{4A8DDE37-78F7-4B52-89BE-8EB58785B6E3}.Debug|x86.Build.0 = Debug|Any CPU
		{4A8DDE37-78F7-4B52-89BE-8EB58785B6E3}.Release|Any CPU.ActiveCfg = Release|Any CPU
		{4A8DDE37-78F7-4B52-89BE-8EB58785B6E3}.Release|Any CPU.Build.0 = Release|Any CPU
		{4A8DDE37-78F7-4B52-89BE-8EB58785B6E3}.Release|ARM.ActiveCfg = Release|Any CPU
		{4A8DDE37-78F7-4B52-89BE-8EB58785B6E3}.Release|ARM.Build.0 = Release|Any CPU
		{4A8DDE37-78F7-4B52-89BE-8EB58785B6E3}.Release|x64.ActiveCfg = Release|Any CPU
		{4A8DDE37-78F7-4B52-89BE-8EB58785B6E3}.Release|x64.Build.0 = Release|Any CPU
		{4A8DDE37-78F7-4B52-89BE-8EB58785B6E3}.Release|x86.ActiveCfg = Release|Any CPU
		{4A8DDE37-78F7-4B52-89BE-8EB58785B6E3}.Release|x86.Build.0 = Release|Any CPU
		{06695F0A-53D1-4C1E-B38E-176C2669E2E7}.Debug|Any CPU.ActiveCfg = Debug|Any CPU
		{06695F0A-53D1-4C1E-B38E-176C2669E2E7}.Debug|Any CPU.Build.0 = Debug|Any CPU
		{06695F0A-53D1-4C1E-B38E-176C2669E2E7}.Debug|ARM.ActiveCfg = Debug|Any CPU
		{06695F0A-53D1-4C1E-B38E-176C2669E2E7}.Debug|ARM.Build.0 = Debug|Any CPU
		{06695F0A-53D1-4C1E-B38E-176C2669E2E7}.Debug|x64.ActiveCfg = Debug|Any CPU
		{06695F0A-53D1-4C1E-B38E-176C2669E2E7}.Debug|x64.Build.0 = Debug|Any CPU
		{06695F0A-53D1-4C1E-B38E-176C2669E2E7}.Debug|x86.ActiveCfg = Debug|Any CPU
		{06695F0A-53D1-4C1E-B38E-176C2669E2E7}.Debug|x86.Build.0 = Debug|Any CPU
		{06695F0A-53D1-4C1E-B38E-176C2669E2E7}.Release|Any CPU.ActiveCfg = Release|Any CPU
		{06695F0A-53D1-4C1E-B38E-176C2669E2E7}.Release|Any CPU.Build.0 = Release|Any CPU
		{06695F0A-53D1-4C1E-B38E-176C2669E2E7}.Release|ARM.ActiveCfg = Release|Any CPU
		{06695F0A-53D1-4C1E-B38E-176C2669E2E7}.Release|ARM.Build.0 = Release|Any CPU
		{06695F0A-53D1-4C1E-B38E-176C2669E2E7}.Release|x64.ActiveCfg = Release|Any CPU
		{06695F0A-53D1-4C1E-B38E-176C2669E2E7}.Release|x64.Build.0 = Release|Any CPU
		{06695F0A-53D1-4C1E-B38E-176C2669E2E7}.Release|x86.ActiveCfg = Release|Any CPU
		{06695F0A-53D1-4C1E-B38E-176C2669E2E7}.Release|x86.Build.0 = Release|Any CPU
		{10178152-03CD-4240-A301-3DBE2E854DA6}.Debug|Any CPU.ActiveCfg = Debug|Any CPU
		{10178152-03CD-4240-A301-3DBE2E854DA6}.Debug|Any CPU.Build.0 = Debug|Any CPU
		{10178152-03CD-4240-A301-3DBE2E854DA6}.Debug|ARM.ActiveCfg = Debug|Any CPU
		{10178152-03CD-4240-A301-3DBE2E854DA6}.Debug|ARM.Build.0 = Debug|Any CPU
		{10178152-03CD-4240-A301-3DBE2E854DA6}.Debug|x64.ActiveCfg = Debug|Any CPU
		{10178152-03CD-4240-A301-3DBE2E854DA6}.Debug|x64.Build.0 = Debug|Any CPU
		{10178152-03CD-4240-A301-3DBE2E854DA6}.Debug|x86.ActiveCfg = Debug|Any CPU
		{10178152-03CD-4240-A301-3DBE2E854DA6}.Debug|x86.Build.0 = Debug|Any CPU
		{10178152-03CD-4240-A301-3DBE2E854DA6}.Release|Any CPU.ActiveCfg = Release|Any CPU
		{10178152-03CD-4240-A301-3DBE2E854DA6}.Release|Any CPU.Build.0 = Release|Any CPU
		{10178152-03CD-4240-A301-3DBE2E854DA6}.Release|ARM.ActiveCfg = Release|Any CPU
		{10178152-03CD-4240-A301-3DBE2E854DA6}.Release|ARM.Build.0 = Release|Any CPU
		{10178152-03CD-4240-A301-3DBE2E854DA6}.Release|x64.ActiveCfg = Release|Any CPU
		{10178152-03CD-4240-A301-3DBE2E854DA6}.Release|x64.Build.0 = Release|Any CPU
		{10178152-03CD-4240-A301-3DBE2E854DA6}.Release|x86.ActiveCfg = Release|Any CPU
		{10178152-03CD-4240-A301-3DBE2E854DA6}.Release|x86.Build.0 = Release|Any CPU
		{1FBEA475-ED3E-4DD9-AAC9-3D89E33BFC3F}.Debug|Any CPU.ActiveCfg = Debug|Any CPU
		{1FBEA475-ED3E-4DD9-AAC9-3D89E33BFC3F}.Debug|Any CPU.Build.0 = Debug|Any CPU
		{1FBEA475-ED3E-4DD9-AAC9-3D89E33BFC3F}.Debug|ARM.ActiveCfg = Debug|Any CPU
		{1FBEA475-ED3E-4DD9-AAC9-3D89E33BFC3F}.Debug|ARM.Build.0 = Debug|Any CPU
		{1FBEA475-ED3E-4DD9-AAC9-3D89E33BFC3F}.Debug|x64.ActiveCfg = Debug|Any CPU
		{1FBEA475-ED3E-4DD9-AAC9-3D89E33BFC3F}.Debug|x64.Build.0 = Debug|Any CPU
		{1FBEA475-ED3E-4DD9-AAC9-3D89E33BFC3F}.Debug|x86.ActiveCfg = Debug|Any CPU
		{1FBEA475-ED3E-4DD9-AAC9-3D89E33BFC3F}.Debug|x86.Build.0 = Debug|Any CPU
		{1FBEA475-ED3E-4DD9-AAC9-3D89E33BFC3F}.Release|Any CPU.ActiveCfg = Release|Any CPU
		{1FBEA475-ED3E-4DD9-AAC9-3D89E33BFC3F}.Release|Any CPU.Build.0 = Release|Any CPU
		{1FBEA475-ED3E-4DD9-AAC9-3D89E33BFC3F}.Release|ARM.ActiveCfg = Release|Any CPU
		{1FBEA475-ED3E-4DD9-AAC9-3D89E33BFC3F}.Release|ARM.Build.0 = Release|Any CPU
		{1FBEA475-ED3E-4DD9-AAC9-3D89E33BFC3F}.Release|x64.ActiveCfg = Release|Any CPU
		{1FBEA475-ED3E-4DD9-AAC9-3D89E33BFC3F}.Release|x64.Build.0 = Release|Any CPU
		{1FBEA475-ED3E-4DD9-AAC9-3D89E33BFC3F}.Release|x86.ActiveCfg = Release|Any CPU
		{1FBEA475-ED3E-4DD9-AAC9-3D89E33BFC3F}.Release|x86.Build.0 = Release|Any CPU
		{9721EF0D-CEAD-43C7-B1E6-A28BBAE8C5C8}.Debug|Any CPU.ActiveCfg = Debug|Any CPU
		{9721EF0D-CEAD-43C7-B1E6-A28BBAE8C5C8}.Debug|Any CPU.Build.0 = Debug|Any CPU
		{9721EF0D-CEAD-43C7-B1E6-A28BBAE8C5C8}.Debug|ARM.ActiveCfg = Debug|Any CPU
		{9721EF0D-CEAD-43C7-B1E6-A28BBAE8C5C8}.Debug|ARM.Build.0 = Debug|Any CPU
		{9721EF0D-CEAD-43C7-B1E6-A28BBAE8C5C8}.Debug|x64.ActiveCfg = Debug|Any CPU
		{9721EF0D-CEAD-43C7-B1E6-A28BBAE8C5C8}.Debug|x64.Build.0 = Debug|Any CPU
		{9721EF0D-CEAD-43C7-B1E6-A28BBAE8C5C8}.Debug|x86.ActiveCfg = Debug|Any CPU
		{9721EF0D-CEAD-43C7-B1E6-A28BBAE8C5C8}.Debug|x86.Build.0 = Debug|Any CPU
		{9721EF0D-CEAD-43C7-B1E6-A28BBAE8C5C8}.Release|Any CPU.ActiveCfg = Release|Any CPU
		{9721EF0D-CEAD-43C7-B1E6-A28BBAE8C5C8}.Release|Any CPU.Build.0 = Release|Any CPU
		{9721EF0D-CEAD-43C7-B1E6-A28BBAE8C5C8}.Release|ARM.ActiveCfg = Release|Any CPU
		{9721EF0D-CEAD-43C7-B1E6-A28BBAE8C5C8}.Release|ARM.Build.0 = Release|Any CPU
		{9721EF0D-CEAD-43C7-B1E6-A28BBAE8C5C8}.Release|x64.ActiveCfg = Release|Any CPU
		{9721EF0D-CEAD-43C7-B1E6-A28BBAE8C5C8}.Release|x64.Build.0 = Release|Any CPU
		{9721EF0D-CEAD-43C7-B1E6-A28BBAE8C5C8}.Release|x86.ActiveCfg = Release|Any CPU
		{9721EF0D-CEAD-43C7-B1E6-A28BBAE8C5C8}.Release|x86.Build.0 = Release|Any CPU
		{F2436D79-D117-4007-91BE-7321AF9DB939}.Debug|Any CPU.ActiveCfg = Debug|Any CPU
		{F2436D79-D117-4007-91BE-7321AF9DB939}.Debug|Any CPU.Build.0 = Debug|Any CPU
		{F2436D79-D117-4007-91BE-7321AF9DB939}.Debug|ARM.ActiveCfg = Debug|Any CPU
		{F2436D79-D117-4007-91BE-7321AF9DB939}.Debug|ARM.Build.0 = Debug|Any CPU
		{F2436D79-D117-4007-91BE-7321AF9DB939}.Debug|x64.ActiveCfg = Debug|Any CPU
		{F2436D79-D117-4007-91BE-7321AF9DB939}.Debug|x64.Build.0 = Debug|Any CPU
		{F2436D79-D117-4007-91BE-7321AF9DB939}.Debug|x86.ActiveCfg = Debug|Any CPU
		{F2436D79-D117-4007-91BE-7321AF9DB939}.Debug|x86.Build.0 = Debug|Any CPU
		{F2436D79-D117-4007-91BE-7321AF9DB939}.Release|Any CPU.ActiveCfg = Release|Any CPU
		{F2436D79-D117-4007-91BE-7321AF9DB939}.Release|Any CPU.Build.0 = Release|Any CPU
		{F2436D79-D117-4007-91BE-7321AF9DB939}.Release|ARM.ActiveCfg = Release|Any CPU
		{F2436D79-D117-4007-91BE-7321AF9DB939}.Release|ARM.Build.0 = Release|Any CPU
		{F2436D79-D117-4007-91BE-7321AF9DB939}.Release|x64.ActiveCfg = Release|Any CPU
		{F2436D79-D117-4007-91BE-7321AF9DB939}.Release|x64.Build.0 = Release|Any CPU
		{F2436D79-D117-4007-91BE-7321AF9DB939}.Release|x86.ActiveCfg = Release|Any CPU
		{F2436D79-D117-4007-91BE-7321AF9DB939}.Release|x86.Build.0 = Release|Any CPU
		{679F6E15-6DB0-4BAB-A697-341B3FA1EE54}.Debug|Any CPU.ActiveCfg = Debug|Any CPU
		{679F6E15-6DB0-4BAB-A697-341B3FA1EE54}.Debug|Any CPU.Build.0 = Debug|Any CPU
		{679F6E15-6DB0-4BAB-A697-341B3FA1EE54}.Debug|ARM.ActiveCfg = Debug|Any CPU
		{679F6E15-6DB0-4BAB-A697-341B3FA1EE54}.Debug|ARM.Build.0 = Debug|Any CPU
		{679F6E15-6DB0-4BAB-A697-341B3FA1EE54}.Debug|x64.ActiveCfg = Debug|Any CPU
		{679F6E15-6DB0-4BAB-A697-341B3FA1EE54}.Debug|x64.Build.0 = Debug|Any CPU
		{679F6E15-6DB0-4BAB-A697-341B3FA1EE54}.Debug|x86.ActiveCfg = Debug|Any CPU
		{679F6E15-6DB0-4BAB-A697-341B3FA1EE54}.Debug|x86.Build.0 = Debug|Any CPU
		{679F6E15-6DB0-4BAB-A697-341B3FA1EE54}.Release|Any CPU.ActiveCfg = Release|Any CPU
		{679F6E15-6DB0-4BAB-A697-341B3FA1EE54}.Release|Any CPU.Build.0 = Release|Any CPU
		{679F6E15-6DB0-4BAB-A697-341B3FA1EE54}.Release|ARM.ActiveCfg = Release|Any CPU
		{679F6E15-6DB0-4BAB-A697-341B3FA1EE54}.Release|ARM.Build.0 = Release|Any CPU
		{679F6E15-6DB0-4BAB-A697-341B3FA1EE54}.Release|x64.ActiveCfg = Release|Any CPU
		{679F6E15-6DB0-4BAB-A697-341B3FA1EE54}.Release|x64.Build.0 = Release|Any CPU
		{679F6E15-6DB0-4BAB-A697-341B3FA1EE54}.Release|x86.ActiveCfg = Release|Any CPU
		{679F6E15-6DB0-4BAB-A697-341B3FA1EE54}.Release|x86.Build.0 = Release|Any CPU
		{690BFCA7-7DB1-44B7-8D36-F8A6F7DAEE8D}.Debug|Any CPU.ActiveCfg = Debug|Any CPU
		{690BFCA7-7DB1-44B7-8D36-F8A6F7DAEE8D}.Debug|Any CPU.Build.0 = Debug|Any CPU
		{690BFCA7-7DB1-44B7-8D36-F8A6F7DAEE8D}.Debug|ARM.ActiveCfg = Debug|Any CPU
		{690BFCA7-7DB1-44B7-8D36-F8A6F7DAEE8D}.Debug|ARM.Build.0 = Debug|Any CPU
		{690BFCA7-7DB1-44B7-8D36-F8A6F7DAEE8D}.Debug|x64.ActiveCfg = Debug|Any CPU
		{690BFCA7-7DB1-44B7-8D36-F8A6F7DAEE8D}.Debug|x64.Build.0 = Debug|Any CPU
		{690BFCA7-7DB1-44B7-8D36-F8A6F7DAEE8D}.Debug|x86.ActiveCfg = Debug|Any CPU
		{690BFCA7-7DB1-44B7-8D36-F8A6F7DAEE8D}.Debug|x86.Build.0 = Debug|Any CPU
		{690BFCA7-7DB1-44B7-8D36-F8A6F7DAEE8D}.Release|Any CPU.ActiveCfg = Release|Any CPU
		{690BFCA7-7DB1-44B7-8D36-F8A6F7DAEE8D}.Release|Any CPU.Build.0 = Release|Any CPU
		{690BFCA7-7DB1-44B7-8D36-F8A6F7DAEE8D}.Release|ARM.ActiveCfg = Release|Any CPU
		{690BFCA7-7DB1-44B7-8D36-F8A6F7DAEE8D}.Release|ARM.Build.0 = Release|Any CPU
		{690BFCA7-7DB1-44B7-8D36-F8A6F7DAEE8D}.Release|x64.ActiveCfg = Release|Any CPU
		{690BFCA7-7DB1-44B7-8D36-F8A6F7DAEE8D}.Release|x64.Build.0 = Release|Any CPU
		{690BFCA7-7DB1-44B7-8D36-F8A6F7DAEE8D}.Release|x86.ActiveCfg = Release|Any CPU
		{690BFCA7-7DB1-44B7-8D36-F8A6F7DAEE8D}.Release|x86.Build.0 = Release|Any CPU
		{D2443F15-F0C6-40EF-8F8B-60CEF7A9B5AC}.Debug|Any CPU.ActiveCfg = Debug|Any CPU
		{D2443F15-F0C6-40EF-8F8B-60CEF7A9B5AC}.Debug|Any CPU.Build.0 = Debug|Any CPU
		{D2443F15-F0C6-40EF-8F8B-60CEF7A9B5AC}.Debug|ARM.ActiveCfg = Debug|Any CPU
		{D2443F15-F0C6-40EF-8F8B-60CEF7A9B5AC}.Debug|ARM.Build.0 = Debug|Any CPU
		{D2443F15-F0C6-40EF-8F8B-60CEF7A9B5AC}.Debug|x64.ActiveCfg = Debug|Any CPU
		{D2443F15-F0C6-40EF-8F8B-60CEF7A9B5AC}.Debug|x64.Build.0 = Debug|Any CPU
		{D2443F15-F0C6-40EF-8F8B-60CEF7A9B5AC}.Debug|x86.ActiveCfg = Debug|Any CPU
		{D2443F15-F0C6-40EF-8F8B-60CEF7A9B5AC}.Debug|x86.Build.0 = Debug|Any CPU
		{D2443F15-F0C6-40EF-8F8B-60CEF7A9B5AC}.Release|Any CPU.ActiveCfg = Release|Any CPU
		{D2443F15-F0C6-40EF-8F8B-60CEF7A9B5AC}.Release|Any CPU.Build.0 = Release|Any CPU
		{D2443F15-F0C6-40EF-8F8B-60CEF7A9B5AC}.Release|ARM.ActiveCfg = Release|Any CPU
		{D2443F15-F0C6-40EF-8F8B-60CEF7A9B5AC}.Release|ARM.Build.0 = Release|Any CPU
		{D2443F15-F0C6-40EF-8F8B-60CEF7A9B5AC}.Release|x64.ActiveCfg = Release|Any CPU
		{D2443F15-F0C6-40EF-8F8B-60CEF7A9B5AC}.Release|x64.Build.0 = Release|Any CPU
		{D2443F15-F0C6-40EF-8F8B-60CEF7A9B5AC}.Release|x86.ActiveCfg = Release|Any CPU
		{D2443F15-F0C6-40EF-8F8B-60CEF7A9B5AC}.Release|x86.Build.0 = Release|Any CPU
		{E8CFAA85-D83D-4EB9-8DD6-AAF4E6AF8504}.Debug|Any CPU.ActiveCfg = Debug|Any CPU
		{E8CFAA85-D83D-4EB9-8DD6-AAF4E6AF8504}.Debug|Any CPU.Build.0 = Debug|Any CPU
		{E8CFAA85-D83D-4EB9-8DD6-AAF4E6AF8504}.Debug|ARM.ActiveCfg = Debug|Any CPU
		{E8CFAA85-D83D-4EB9-8DD6-AAF4E6AF8504}.Debug|ARM.Build.0 = Debug|Any CPU
		{E8CFAA85-D83D-4EB9-8DD6-AAF4E6AF8504}.Debug|x64.ActiveCfg = Debug|Any CPU
		{E8CFAA85-D83D-4EB9-8DD6-AAF4E6AF8504}.Debug|x64.Build.0 = Debug|Any CPU
		{E8CFAA85-D83D-4EB9-8DD6-AAF4E6AF8504}.Debug|x86.ActiveCfg = Debug|Any CPU
		{E8CFAA85-D83D-4EB9-8DD6-AAF4E6AF8504}.Debug|x86.Build.0 = Debug|Any CPU
		{E8CFAA85-D83D-4EB9-8DD6-AAF4E6AF8504}.Release|Any CPU.ActiveCfg = Release|Any CPU
		{E8CFAA85-D83D-4EB9-8DD6-AAF4E6AF8504}.Release|Any CPU.Build.0 = Release|Any CPU
		{E8CFAA85-D83D-4EB9-8DD6-AAF4E6AF8504}.Release|ARM.ActiveCfg = Release|Any CPU
		{E8CFAA85-D83D-4EB9-8DD6-AAF4E6AF8504}.Release|ARM.Build.0 = Release|Any CPU
		{E8CFAA85-D83D-4EB9-8DD6-AAF4E6AF8504}.Release|x64.ActiveCfg = Release|Any CPU
		{E8CFAA85-D83D-4EB9-8DD6-AAF4E6AF8504}.Release|x64.Build.0 = Release|Any CPU
		{E8CFAA85-D83D-4EB9-8DD6-AAF4E6AF8504}.Release|x86.ActiveCfg = Release|Any CPU
		{E8CFAA85-D83D-4EB9-8DD6-AAF4E6AF8504}.Release|x86.Build.0 = Release|Any CPU
		{1B0CC2D6-FC19-441D-B162-1758F3340E83}.Debug|Any CPU.ActiveCfg = Debug|Any CPU
		{1B0CC2D6-FC19-441D-B162-1758F3340E83}.Debug|Any CPU.Build.0 = Debug|Any CPU
		{1B0CC2D6-FC19-441D-B162-1758F3340E83}.Debug|ARM.ActiveCfg = Debug|Any CPU
		{1B0CC2D6-FC19-441D-B162-1758F3340E83}.Debug|ARM.Build.0 = Debug|Any CPU
		{1B0CC2D6-FC19-441D-B162-1758F3340E83}.Debug|x64.ActiveCfg = Debug|Any CPU
		{1B0CC2D6-FC19-441D-B162-1758F3340E83}.Debug|x64.Build.0 = Debug|Any CPU
		{1B0CC2D6-FC19-441D-B162-1758F3340E83}.Debug|x86.ActiveCfg = Debug|Any CPU
		{1B0CC2D6-FC19-441D-B162-1758F3340E83}.Debug|x86.Build.0 = Debug|Any CPU
		{1B0CC2D6-FC19-441D-B162-1758F3340E83}.Release|Any CPU.ActiveCfg = Release|Any CPU
		{1B0CC2D6-FC19-441D-B162-1758F3340E83}.Release|Any CPU.Build.0 = Release|Any CPU
		{1B0CC2D6-FC19-441D-B162-1758F3340E83}.Release|ARM.ActiveCfg = Release|Any CPU
		{1B0CC2D6-FC19-441D-B162-1758F3340E83}.Release|ARM.Build.0 = Release|Any CPU
		{1B0CC2D6-FC19-441D-B162-1758F3340E83}.Release|x64.ActiveCfg = Release|Any CPU
		{1B0CC2D6-FC19-441D-B162-1758F3340E83}.Release|x64.Build.0 = Release|Any CPU
		{1B0CC2D6-FC19-441D-B162-1758F3340E83}.Release|x86.ActiveCfg = Release|Any CPU
		{1B0CC2D6-FC19-441D-B162-1758F3340E83}.Release|x86.Build.0 = Release|Any CPU
		{DFC763C9-4635-40FE-95E0-CD99D87A5096}.Debug|Any CPU.ActiveCfg = Debug|Any CPU
		{DFC763C9-4635-40FE-95E0-CD99D87A5096}.Debug|Any CPU.Build.0 = Debug|Any CPU
		{DFC763C9-4635-40FE-95E0-CD99D87A5096}.Debug|ARM.ActiveCfg = Debug|Any CPU
		{DFC763C9-4635-40FE-95E0-CD99D87A5096}.Debug|ARM.Build.0 = Debug|Any CPU
		{DFC763C9-4635-40FE-95E0-CD99D87A5096}.Debug|x64.ActiveCfg = Debug|Any CPU
		{DFC763C9-4635-40FE-95E0-CD99D87A5096}.Debug|x64.Build.0 = Debug|Any CPU
		{DFC763C9-4635-40FE-95E0-CD99D87A5096}.Debug|x86.ActiveCfg = Debug|Any CPU
		{DFC763C9-4635-40FE-95E0-CD99D87A5096}.Debug|x86.Build.0 = Debug|Any CPU
		{DFC763C9-4635-40FE-95E0-CD99D87A5096}.Release|Any CPU.ActiveCfg = Release|Any CPU
		{DFC763C9-4635-40FE-95E0-CD99D87A5096}.Release|Any CPU.Build.0 = Release|Any CPU
		{DFC763C9-4635-40FE-95E0-CD99D87A5096}.Release|ARM.ActiveCfg = Release|Any CPU
		{DFC763C9-4635-40FE-95E0-CD99D87A5096}.Release|ARM.Build.0 = Release|Any CPU
		{DFC763C9-4635-40FE-95E0-CD99D87A5096}.Release|x64.ActiveCfg = Release|Any CPU
		{DFC763C9-4635-40FE-95E0-CD99D87A5096}.Release|x64.Build.0 = Release|Any CPU
		{DFC763C9-4635-40FE-95E0-CD99D87A5096}.Release|x86.ActiveCfg = Release|Any CPU
		{DFC763C9-4635-40FE-95E0-CD99D87A5096}.Release|x86.Build.0 = Release|Any CPU
		{1BA3ADCD-26A9-48A5-886A-922BFD0AD055}.Debug|Any CPU.ActiveCfg = Debug|Any CPU
		{1BA3ADCD-26A9-48A5-886A-922BFD0AD055}.Debug|Any CPU.Build.0 = Debug|Any CPU
		{1BA3ADCD-26A9-48A5-886A-922BFD0AD055}.Debug|ARM.ActiveCfg = Debug|Any CPU
		{1BA3ADCD-26A9-48A5-886A-922BFD0AD055}.Debug|ARM.Build.0 = Debug|Any CPU
		{1BA3ADCD-26A9-48A5-886A-922BFD0AD055}.Debug|x64.ActiveCfg = Debug|Any CPU
		{1BA3ADCD-26A9-48A5-886A-922BFD0AD055}.Debug|x64.Build.0 = Debug|Any CPU
		{1BA3ADCD-26A9-48A5-886A-922BFD0AD055}.Debug|x86.ActiveCfg = Debug|Any CPU
		{1BA3ADCD-26A9-48A5-886A-922BFD0AD055}.Debug|x86.Build.0 = Debug|Any CPU
		{1BA3ADCD-26A9-48A5-886A-922BFD0AD055}.Release|Any CPU.ActiveCfg = Release|Any CPU
		{1BA3ADCD-26A9-48A5-886A-922BFD0AD055}.Release|Any CPU.Build.0 = Release|Any CPU
		{1BA3ADCD-26A9-48A5-886A-922BFD0AD055}.Release|ARM.ActiveCfg = Release|Any CPU
		{1BA3ADCD-26A9-48A5-886A-922BFD0AD055}.Release|ARM.Build.0 = Release|Any CPU
		{1BA3ADCD-26A9-48A5-886A-922BFD0AD055}.Release|x64.ActiveCfg = Release|Any CPU
		{1BA3ADCD-26A9-48A5-886A-922BFD0AD055}.Release|x64.Build.0 = Release|Any CPU
		{1BA3ADCD-26A9-48A5-886A-922BFD0AD055}.Release|x86.ActiveCfg = Release|Any CPU
		{1BA3ADCD-26A9-48A5-886A-922BFD0AD055}.Release|x86.Build.0 = Release|Any CPU
		{D8CFC230-446F-4C2C-8CD2-943F0B267B80}.Debug|Any CPU.ActiveCfg = Debug|Any CPU
		{D8CFC230-446F-4C2C-8CD2-943F0B267B80}.Debug|Any CPU.Build.0 = Debug|Any CPU
		{D8CFC230-446F-4C2C-8CD2-943F0B267B80}.Debug|ARM.ActiveCfg = Debug|Any CPU
		{D8CFC230-446F-4C2C-8CD2-943F0B267B80}.Debug|ARM.Build.0 = Debug|Any CPU
		{D8CFC230-446F-4C2C-8CD2-943F0B267B80}.Debug|x64.ActiveCfg = Debug|Any CPU
		{D8CFC230-446F-4C2C-8CD2-943F0B267B80}.Debug|x64.Build.0 = Debug|Any CPU
		{D8CFC230-446F-4C2C-8CD2-943F0B267B80}.Debug|x86.ActiveCfg = Debug|Any CPU
		{D8CFC230-446F-4C2C-8CD2-943F0B267B80}.Debug|x86.Build.0 = Debug|Any CPU
		{D8CFC230-446F-4C2C-8CD2-943F0B267B80}.Release|Any CPU.ActiveCfg = Release|Any CPU
		{D8CFC230-446F-4C2C-8CD2-943F0B267B80}.Release|Any CPU.Build.0 = Release|Any CPU
		{D8CFC230-446F-4C2C-8CD2-943F0B267B80}.Release|ARM.ActiveCfg = Release|Any CPU
		{D8CFC230-446F-4C2C-8CD2-943F0B267B80}.Release|ARM.Build.0 = Release|Any CPU
		{D8CFC230-446F-4C2C-8CD2-943F0B267B80}.Release|x64.ActiveCfg = Release|Any CPU
		{D8CFC230-446F-4C2C-8CD2-943F0B267B80}.Release|x64.Build.0 = Release|Any CPU
		{D8CFC230-446F-4C2C-8CD2-943F0B267B80}.Release|x86.ActiveCfg = Release|Any CPU
		{D8CFC230-446F-4C2C-8CD2-943F0B267B80}.Release|x86.Build.0 = Release|Any CPU
		{787A62D8-098E-457D-ABEA-D0E10793BC15}.Debug|Any CPU.ActiveCfg = Debug|Any CPU
		{787A62D8-098E-457D-ABEA-D0E10793BC15}.Debug|Any CPU.Build.0 = Debug|Any CPU
		{787A62D8-098E-457D-ABEA-D0E10793BC15}.Debug|ARM.ActiveCfg = Debug|Any CPU
		{787A62D8-098E-457D-ABEA-D0E10793BC15}.Debug|ARM.Build.0 = Debug|Any CPU
		{787A62D8-098E-457D-ABEA-D0E10793BC15}.Debug|x64.ActiveCfg = Debug|Any CPU
		{787A62D8-098E-457D-ABEA-D0E10793BC15}.Debug|x64.Build.0 = Debug|Any CPU
		{787A62D8-098E-457D-ABEA-D0E10793BC15}.Debug|x86.ActiveCfg = Debug|Any CPU
		{787A62D8-098E-457D-ABEA-D0E10793BC15}.Debug|x86.Build.0 = Debug|Any CPU
		{787A62D8-098E-457D-ABEA-D0E10793BC15}.Release|Any CPU.ActiveCfg = Release|Any CPU
		{787A62D8-098E-457D-ABEA-D0E10793BC15}.Release|Any CPU.Build.0 = Release|Any CPU
		{787A62D8-098E-457D-ABEA-D0E10793BC15}.Release|ARM.ActiveCfg = Release|Any CPU
		{787A62D8-098E-457D-ABEA-D0E10793BC15}.Release|ARM.Build.0 = Release|Any CPU
		{787A62D8-098E-457D-ABEA-D0E10793BC15}.Release|x64.ActiveCfg = Release|Any CPU
		{787A62D8-098E-457D-ABEA-D0E10793BC15}.Release|x64.Build.0 = Release|Any CPU
		{787A62D8-098E-457D-ABEA-D0E10793BC15}.Release|x86.ActiveCfg = Release|Any CPU
		{787A62D8-098E-457D-ABEA-D0E10793BC15}.Release|x86.Build.0 = Release|Any CPU
		{6DA3A647-FA9A-4644-99F1-80CAE88498B0}.Debug|Any CPU.ActiveCfg = Debug|Any CPU
		{6DA3A647-FA9A-4644-99F1-80CAE88498B0}.Debug|Any CPU.Build.0 = Debug|Any CPU
		{6DA3A647-FA9A-4644-99F1-80CAE88498B0}.Debug|ARM.ActiveCfg = Debug|Any CPU
		{6DA3A647-FA9A-4644-99F1-80CAE88498B0}.Debug|ARM.Build.0 = Debug|Any CPU
		{6DA3A647-FA9A-4644-99F1-80CAE88498B0}.Debug|x64.ActiveCfg = Debug|Any CPU
		{6DA3A647-FA9A-4644-99F1-80CAE88498B0}.Debug|x64.Build.0 = Debug|Any CPU
		{6DA3A647-FA9A-4644-99F1-80CAE88498B0}.Debug|x86.ActiveCfg = Debug|Any CPU
		{6DA3A647-FA9A-4644-99F1-80CAE88498B0}.Debug|x86.Build.0 = Debug|Any CPU
		{6DA3A647-FA9A-4644-99F1-80CAE88498B0}.Release|Any CPU.ActiveCfg = Release|Any CPU
		{6DA3A647-FA9A-4644-99F1-80CAE88498B0}.Release|Any CPU.Build.0 = Release|Any CPU
		{6DA3A647-FA9A-4644-99F1-80CAE88498B0}.Release|ARM.ActiveCfg = Release|Any CPU
		{6DA3A647-FA9A-4644-99F1-80CAE88498B0}.Release|ARM.Build.0 = Release|Any CPU
		{6DA3A647-FA9A-4644-99F1-80CAE88498B0}.Release|x64.ActiveCfg = Release|Any CPU
		{6DA3A647-FA9A-4644-99F1-80CAE88498B0}.Release|x64.Build.0 = Release|Any CPU
		{6DA3A647-FA9A-4644-99F1-80CAE88498B0}.Release|x86.ActiveCfg = Release|Any CPU
		{6DA3A647-FA9A-4644-99F1-80CAE88498B0}.Release|x86.Build.0 = Release|Any CPU
	EndGlobalSection
	GlobalSection(SolutionProperties) = preSolution
		HideSolutionNode = FALSE
	EndGlobalSection
	GlobalSection(NestedProjects) = preSolution
		{8421C668-8844-4108-B360-BA18FF19298B} = {9B836B70-7F8B-47B4-AE38-EBDE5CE27038}
		{4A8DDE37-78F7-4B52-89BE-8EB58785B6E3} = {9B836B70-7F8B-47B4-AE38-EBDE5CE27038}
		{06695F0A-53D1-4C1E-B38E-176C2669E2E7} = {9B836B70-7F8B-47B4-AE38-EBDE5CE27038}
		{10178152-03CD-4240-A301-3DBE2E854DA6} = {9B836B70-7F8B-47B4-AE38-EBDE5CE27038}
		{9B836B70-7F8B-47B4-AE38-EBDE5CE27038} = {4AAB12B8-6756-4237-AA43-E7F545BD9B84}
		{1FBEA475-ED3E-4DD9-AAC9-3D89E33BFC3F} = {9B836B70-7F8B-47B4-AE38-EBDE5CE27038}
		{48511846-185C-42AC-9D6A-AECA71A52991} = {4AAB12B8-6756-4237-AA43-E7F545BD9B84}
		{9721EF0D-CEAD-43C7-B1E6-A28BBAE8C5C8} = {48511846-185C-42AC-9D6A-AECA71A52991}
		{F2436D79-D117-4007-91BE-7321AF9DB939} = {48511846-185C-42AC-9D6A-AECA71A52991}
		{679F6E15-6DB0-4BAB-A697-341B3FA1EE54} = {48511846-185C-42AC-9D6A-AECA71A52991}
		{690BFCA7-7DB1-44B7-8D36-F8A6F7DAEE8D} = {48511846-185C-42AC-9D6A-AECA71A52991}
		{D2443F15-F0C6-40EF-8F8B-60CEF7A9B5AC} = {48511846-185C-42AC-9D6A-AECA71A52991}
		{E8CFAA85-D83D-4EB9-8DD6-AAF4E6AF8504} = {48511846-185C-42AC-9D6A-AECA71A52991}
		{1B0CC2D6-FC19-441D-B162-1758F3340E83} = {02074C42-4DE2-4571-A642-48EA8B0FA0B3}
		{02074C42-4DE2-4571-A642-48EA8B0FA0B3} = {4AAB12B8-6756-4237-AA43-E7F545BD9B84}
		{DFC763C9-4635-40FE-95E0-CD99D87A5096} = {02074C42-4DE2-4571-A642-48EA8B0FA0B3}
		{1BA3ADCD-26A9-48A5-886A-922BFD0AD055} = {02074C42-4DE2-4571-A642-48EA8B0FA0B3}
		{D8CFC230-446F-4C2C-8CD2-943F0B267B80} = {02074C42-4DE2-4571-A642-48EA8B0FA0B3}
		{787A62D8-098E-457D-ABEA-D0E10793BC15} = {B3385663-30E2-4700-AA47-339DBE897CC8}
		{6DA3A647-FA9A-4644-99F1-80CAE88498B0} = {B3385663-30E2-4700-AA47-339DBE897CC8}
	EndGlobalSection
	GlobalSection(ExtensibilityGlobals) = postSolution
		SolutionGuid = {D9C168AD-ADF7-4B2A-A76F-C8DC87E5253B}
	EndGlobalSection
EndGlobal
